
Microsoft Visual Studio Solution File, Format Version 12.00
# Visual Studio Version 17
VisualStudioVersion = 17.5.33530.505
MinimumVisualStudioVersion = 10.0.40219.1
Project("{9A19103F-16F7-4668-BE54-9A1E7A4F7556}") = "TestTaskMindbox", "TestTaskMindbox\TestTaskMindbox.csproj", "{0A5280F5-1067-42C3-B5D2-0DD1A305079A}"
EndProject
Project("{FAE04EC0-301F-11D3-BF4B-00C04F79EFBC}") = "TestTaskMindbox.Tests", "TestTaskMindbox.Tests\TestTaskMindbox.Tests.csproj", "{BF0EABD7-E3DA-41DF-AC11-8F6B66A5CAFB}"
EndProject
Global
	GlobalSection(SolutionConfigurationPlatforms) = preSolution
		Debug|Any CPU = Debug|Any CPU
		Release|Any CPU = Release|Any CPU
	EndGlobalSection
	GlobalSection(ProjectConfigurationPlatforms) = postSolution
		{0A5280F5-1067-42C3-B5D2-0DD1A305079A}.Debug|Any CPU.ActiveCfg = Debug|Any CPU
		{0A5280F5-1067-42C3-B5D2-0DD1A305079A}.Debug|Any CPU.Build.0 = Debug|Any CPU
		{0A5280F5-1067-42C3-B5D2-0DD1A305079A}.Release|Any CPU.ActiveCfg = Release|Any CPU
		{0A5280F5-1067-42C3-B5D2-0DD1A305079A}.Release|Any CPU.Build.0 = Release|Any CPU
		{BF0EABD7-E3DA-41DF-AC11-8F6B66A5CAFB}.Debug|Any CPU.ActiveCfg = Debug|Any CPU
		{BF0EABD7-E3DA-41DF-AC11-8F6B66A5CAFB}.Debug|Any CPU.Build.0 = Debug|Any CPU
		{BF0EABD7-E3DA-41DF-AC11-8F6B66A5CAFB}.Release|Any CPU.ActiveCfg = Release|Any CPU
		{BF0EABD7-E3DA-41DF-AC11-8F6B66A5CAFB}.Release|Any CPU.Build.0 = Release|Any CPU
	EndGlobalSection
	GlobalSection(SolutionProperties) = preSolution
		HideSolutionNode = FALSE
	EndGlobalSection
	GlobalSection(ExtensibilityGlobals) = postSolution
		SolutionGuid = {18F5C091-4A82-4350-B649-86EA611CBD19}
	EndGlobalSection
EndGlobal
